{
    "_readme": [
        "This file locks the dependencies of your project to a known state",
        "Read more about it at https://getcomposer.org/doc/01-basic-usage.md#installing-dependencies",
        "This file is @generated automatically"
    ],
    "content-hash": "9651b8757ae750362429489c974ea625",
    "packages": [
        {
            "name": "matyhtf/swoole_framework",
            "version": "dev-origin/master",
            "source": {
                "type": "git",
                "url": "https://github.com/matyhtf/framework.git",
                "reference": "c1f71a580ae33c0cf1f3edb8cb36285212971109"
            },
            "dist": {
                "type": "zip",
                "url": "https://api.github.com/repos/matyhtf/framework/zipball/c1f71a580ae33c0cf1f3edb8cb36285212971109",
                "reference": "c1f71a580ae33c0cf1f3edb8cb36285212971109",
                "shasum": ""
            },
            "type": "library",
            "autoload": {
                "psr-0": {
                    "Swoole": "libs/"
                }
            },
            "notification-url": "https://packagist.org/downloads/",
            "license": [
                "LGPL"
            ],
            "authors": [
                {
                    "name": "Tianfeng Han",
                    "email": "mikan.tenny@gmail.com"
                }
            ],
            "description": "PHP Networking framework & Application Server.",
            "homepage": "http://www.swoole.com/",
            "keywords": [
                "Socket",
                "client",
                "framework",
                "library",
                "server",
                "webserver",
                "websocket"
            ],
            "time": "2015-05-05T08:20:34+00:00"
        }
    ],
    "packages-dev": [],
    "aliases": [],
    "minimum-stability": "stable",
    "stability-flags": {
        "matyhtf/swoole_framework": 20
    },
    "prefer-stable": false,
    "prefer-lowest": false,
    "platform": [],
    "platform-dev": []
}
